
Microsoft Visual Studio Solution File, Format Version 12.00
# Visual Studio Version 16
VisualStudioVersion = 16.0.29519.87
MinimumVisualStudioVersion = 10.0.40219.1
Project("{FAE04EC0-301F-11D3-BF4B-00C04F79EFBC}") = "BinaryModule", "BinaryModule\BinaryModule.csproj", "{3E598F21-A35D-4DB0-8694-AF592F650FBD}"
EndProject
Project("{F5034706-568F-408A-B7B3-4D38C6DB8A32}") = "Tools", "Tools\Tools.pssproj", "{6CAFC0C6-A428-4D30-A9F9-700E829FEA51}"
EndProject
Project("{F5034706-568F-408A-B7B3-4D38C6DB8A32}") = "Tests", "Tests\Tests.pssproj", "{09A74F51-58E2-4B72-9042-91B465BC46C3}"
EndProject
Global
	GlobalSection(SolutionConfigurationPlatforms) = preSolution
		Debug|Any CPU = Debug|Any CPU
		Release|Any CPU = Release|Any CPU
	EndGlobalSection
	GlobalSection(ProjectConfigurationPlatforms) = postSolution
		{3E598F21-A35D-4DB0-8694-AF592F650FBD}.Debug|Any CPU.ActiveCfg = Debug|Any CPU
		{3E598F21-A35D-4DB0-8694-AF592F650FBD}.Debug|Any CPU.Build.0 = Debug|Any CPU
		{3E598F21-A35D-4DB0-8694-AF592F650FBD}.Release|Any CPU.ActiveCfg = Release|Any CPU
		{3E598F21-A35D-4DB0-8694-AF592F650FBD}.Release|Any CPU.Build.0 = Release|Any CPU
		{6CAFC0C6-A428-4D30-A9F9-700E829FEA51}.Debug|Any CPU.ActiveCfg = Debug|Any CPU
		{6CAFC0C6-A428-4D30-A9F9-700E829FEA51}.Debug|Any CPU.Build.0 = Debug|Any CPU
		{6CAFC0C6-A428-4D30-A9F9-700E829FEA51}.Release|Any CPU.ActiveCfg = Release|Any CPU
		{6CAFC0C6-A428-4D30-A9F9-700E829FEA51}.Release|Any CPU.Build.0 = Release|Any CPU
		{09A74F51-58E2-4B72-9042-91B465BC46C3}.Debug|Any CPU.ActiveCfg = Debug|Any CPU
		{09A74F51-58E2-4B72-9042-91B465BC46C3}.Debug|Any CPU.Build.0 = Debug|Any CPU
		{09A74F51-58E2-4B72-9042-91B465BC46C3}.Release|Any CPU.ActiveCfg = Release|Any CPU
		{09A74F51-58E2-4B72-9042-91B465BC46C3}.Release|Any CPU.Build.0 = Release|Any CPU
	EndGlobalSection
	GlobalSection(SolutionProperties) = preSolution
		HideSolutionNode = FALSE
	EndGlobalSection
	GlobalSection(ExtensibilityGlobals) = postSolution
		SolutionGuid = {0E976C0A-8022-4640-A670-AD9838BBAB96}
	EndGlobalSection
EndGlobal
